{
  "nodes": {
    "marea": {
      "inputs": {
        "nixpkgs": [
          "nixpkgs"
        ],
        "pleamar": [
          "pleamar"
        ]
      },
      "locked": {
        "lastModified": 1791298420,
        "narHash": "sha256-udecRI5ZK+xLvreG6WvEYLNzc8oFRdn+P/UPku+IdCg=",
        "owner": "k4ditano",
        "repo": "marea-plm",
        "rev": "6cfd438c77b14cfd49318368a1e9524513e13f5c",
        "type": "github"
      },
      "original": {
        "owner": "k4ditano",
        "repo": "marea-plm",
        "type": "github"
      }
    },
    "nixpkgs": {
      "locked": {
        "lastModified": 1790463110,
        "narHash": "sha256-hKlVl12B1dF0Q5vd9dY3lIJM5mFGWYSlXwSLAqHZ1+s=",
        "owner": "NixOS",
        "repo": "nixpkgs",
        "rev": "e158d9ed9b51c98974c5e66e1ba1c9e0255fecaa",
        "type": "github"
      },
      "original": {
        "owner": "NixOS",
        "ref": "nixos-unstable",
        "repo": "nixpkgs",
        "type": "github"
      }
    },
    "pleamar": {
      "inputs": {
        "nixpkgs": [
          "nixpkgs"
        ]
      },
      "locked": {
        "lastModified": 1791298391,
        "narHash": "sha256-xvkuCQCShnj2ymwixdiosVsDCL77RdDfdVAGnOkeTkc=",
        "owner": "k4ditano",
        "repo": "pleamar",
        "rev": "0efbcd943a934e180bfb5a2123f05c4d8310eb85",
        "type": "github"
      },
      "original": {
        "owner": "k4ditano",
        "repo": "pleamar",
        "type": "github"
      }
    },
    "root": {
      "inputs": {
        "marea": "marea",
        "nixpkgs": "nixpkgs",
        "pleamar": "pleamar"
      }
    }
  },
  "root": "root",
  "version": 7
}
